# THIS IS AN AUTOGENERATED FILE. DO NOT EDIT THIS FILE DIRECTLY.
# yarn lockfile v1


"@types/node@*":
  version "17.0.23"
  resolved "https://registry.yarnpkg.com/@types/node/-/node-17.0.23.tgz#3b41a6e643589ac6442bdbd7a4a3ded62f33f7da"
  integrity sha512-UxDxWn7dl97rKVeVS61vErvw086aCYhDLyvRQZ5Rk65rZKepaFdm53GeqXaKBuOhED4e9uWq34IC3TdSdJJ2Gw==

"@types/node@^14.14.6":
  version "14.17.6"
  resolved "https://registry.yarnpkg.com/@types/node/-/node-14.17.6.tgz#cc61c8361c89e70c468cda464d1fa3dd7e5ebd62"
  integrity sha512-iBxsxU7eswQDGhlr3AiamBxOssaYxbM+NKXVil8jg9yFXvrfEFbDumLD/2dMTB+zYyg7w+Xjt8yuxfdbUHAtcQ==

"@types/nodemailer@^6.4.4":
  version "6.4.4"
  resolved "https://registry.yarnpkg.com/@types/nodemailer/-/nodemailer-6.4.4.tgz#c265f7e7a51df587597b3a49a023acaf0c741f4b"
  integrity sha512-Ksw4t7iliXeYGvIQcSIgWQ5BLuC/mljIEbjf615svhZL10PE9t+ei8O9gDaD3FPCasUJn9KTLwz2JFJyiiyuqw==
  dependencies:
    "@types/node" "*"

long@^4.0.0:
  version "4.0.0"
  resolved "https://registry.yarnpkg.com/long/-/long-4.0.0.tgz#9a7b71cfb7d361a194ea555241c92f7468d5bf28"
  integrity sha512-XsP+KhQif4bjX1kbuSiySJFNAehNxgLb6hPRGJ9QsUr8ajHkuXGdrHmFUTUUXhDwVX2R5bY4JNZEwbUiMhV+MA==

node-fetch@^2.6.1:
  version "2.6.1"
  resolved "https://registry.yarnpkg.com/node-fetch/-/node-fetch-2.6.1.tgz#045bd323631f76ed2e2b55573394416b639a0052"
  integrity sha512-V4aYg89jEoVRxRb2fJdAg8FHvI7cEyYdVAh94HH0UIK8oJxUfkjlDQN9RbMx+bEjP7+ggMiFRprSti032Oipxw==

node-firebird@^0.9.8:
  version "0.9.9"
  resolved "https://registry.yarnpkg.com/node-firebird/-/node-firebird-0.9.9.tgz#8ee5914b53cd18e6f60637e9dce4874649b7a6e4"
  integrity sha512-nH4zIaglr+/J0E8W9YTiJchpFbjO7gc0ExDtzZmFXp9iLpmyuq+9RFEJoePT2WE39kkx+DNYO7J7TTHBpOmitQ==
  dependencies:
    long "^4.0.0"

nodemailer@^6.7.3:
  version "6.7.3"
  resolved "https://registry.yarnpkg.com/nodemailer/-/nodemailer-6.7.3.tgz#b73f9a81b9c8fa8acb4ea14b608f5e725ea8e018"
  integrity sha512-KUdDsspqx89sD4UUyUKzdlUOper3hRkDVkrKh/89G+d9WKsU5ox51NWS4tB1XR5dPUdR4SP0E3molyEfOvSa3g==

typescript@^4.3.5:
  version "4.3.5"
  resolved "https://registry.yarnpkg.com/typescript/-/typescript-4.3.5.tgz#4d1c37cc16e893973c45a06886b7113234f119f4"
  integrity sha512-DqQgihaQ9cUrskJo9kIyW/+g0Vxsk8cDtZ52a3NGh0YNTfpUSArXSohyUGnvbPazEPLu398C0UxmKSOrPumUzA==
